
Microsoft Visual Studio Solution File, Format Version 12.00
# Visual Studio 15
VisualStudioVersion = 15.0.27004.2005
MinimumVisualStudioVersion = 10.0.40219.1
Project("{9A19103F-16F7-4668-BE54-9A1E7A4F7556}") = "OOPBasicApp", "OOPBasicApp\OOPBasicApp.csproj", "{C3A3A01D-E027-4C12-9F33-6AD63DB64458}"
EndProject
Project("{FAE04EC0-301F-11D3-BF4B-00C04F79EFBC}") = "OOPBasics.Shared", "PluginInterface\OOPBasics.Shared.csproj", "{081BFCC2-BE02-40FE-AAC4-199E976B9C05}"
EndProject
Project("{FAE04EC0-301F-11D3-BF4B-00C04F79EFBC}") = "OOPBasics.EnigmaEncoder", "OOPBasicApp.EnigmaEncoder\OOPBasics.EnigmaEncoder.csproj", "{FDD128CE-1973-46FF-A9D0-4B83878141B6}"
EndProject
Project("{FAE04EC0-301F-11D3-BF4B-00C04F79EFBC}") = "OOPBasics.CaesarEncoder", "OOPBasics.CaesarEncoder\OOPBasics.CaesarEncoder.csproj", "{3A8FA871-770B-404A-AF7D-8C462A4440C3}"
EndProject
Global
	GlobalSection(SolutionConfigurationPlatforms) = preSolution
		Debug|Any CPU = Debug|Any CPU
		Release|Any CPU = Release|Any CPU
	EndGlobalSection
	GlobalSection(ProjectConfigurationPlatforms) = postSolution
		{C3A3A01D-E027-4C12-9F33-6AD63DB64458}.Debug|Any CPU.ActiveCfg = Debug|Any CPU
		{C3A3A01D-E027-4C12-9F33-6AD63DB64458}.Debug|Any CPU.Build.0 = Debug|Any CPU
		{C3A3A01D-E027-4C12-9F33-6AD63DB64458}.Release|Any CPU.ActiveCfg = Release|Any CPU
		{C3A3A01D-E027-4C12-9F33-6AD63DB64458}.Release|Any CPU.Build.0 = Release|Any CPU
		{081BFCC2-BE02-40FE-AAC4-199E976B9C05}.Debug|Any CPU.ActiveCfg = Debug|Any CPU
		{081BFCC2-BE02-40FE-AAC4-199E976B9C05}.Debug|Any CPU.Build.0 = Debug|Any CPU
		{081BFCC2-BE02-40FE-AAC4-199E976B9C05}.Release|Any CPU.ActiveCfg = Release|Any CPU
		{081BFCC2-BE02-40FE-AAC4-199E976B9C05}.Release|Any CPU.Build.0 = Release|Any CPU
		{FDD128CE-1973-46FF-A9D0-4B83878141B6}.Debug|Any CPU.ActiveCfg = Debug|Any CPU
		{FDD128CE-1973-46FF-A9D0-4B83878141B6}.Debug|Any CPU.Build.0 = Debug|Any CPU
		{FDD128CE-1973-46FF-A9D0-4B83878141B6}.Release|Any CPU.ActiveCfg = Release|Any CPU
		{FDD128CE-1973-46FF-A9D0-4B83878141B6}.Release|Any CPU.Build.0 = Release|Any CPU
		{3A8FA871-770B-404A-AF7D-8C462A4440C3}.Debug|Any CPU.ActiveCfg = Debug|Any CPU
		{3A8FA871-770B-404A-AF7D-8C462A4440C3}.Debug|Any CPU.Build.0 = Debug|Any CPU
		{3A8FA871-770B-404A-AF7D-8C462A4440C3}.Release|Any CPU.ActiveCfg = Release|Any CPU
		{3A8FA871-770B-404A-AF7D-8C462A4440C3}.Release|Any CPU.Build.0 = Release|Any CPU
	EndGlobalSection
	GlobalSection(SolutionProperties) = preSolution
		HideSolutionNode = FALSE
	EndGlobalSection
	GlobalSection(ExtensibilityGlobals) = postSolution
		SolutionGuid = {A6CF906D-9FD9-4F3E-ACAB-BE01D665BF5F}
	EndGlobalSection
EndGlobal
